// !$*UTF8*$!
{
	archiveVersion = 1;
	classes = {
	};
	objectVersion = 51;
	objects = {

/* Begin PBXBuildFile section */
		79A3A217ECE9578EE24B20F7 /* Pods_rick_Montis.framework in Frameworks */ = {isa = PBXBuildFile; fileRef = CE968730372E3393E0546CF5 /* Pods_rick_Montis.framework */; };
		AD4F716E28877DAD005EC9CB /* AppDelegate.swift in Sources */ = {isa = PBXBuildFile; fileRef = AD4F716D28877DAD005EC9CB /* AppDelegate.swift */; };
		AD4F717028877DAD005EC9CB /* SceneDelegate.swift in Sources */ = {isa = PBXBuildFile; fileRef = AD4F716F28877DAD005EC9CB /* SceneDelegate.swift */; };
		AD4F717228877DAD005EC9CB /* ViewController.swift in Sources */ = {isa = PBXBuildFile; fileRef = AD4F717128877DAD005EC9CB /* ViewController.swift */; };
		AD4F717528877DAE005EC9CB /* Main.storyboard in Resources */ = {isa = PBXBuildFile; fileRef = AD4F717328877DAE005EC9CB /* Main.storyboard */; };
		AD4F717728877DBD005EC9CB /* Assets.xcassets in Resources */ = {isa = PBXBuildFile; fileRef = AD4F717628877DBD005EC9CB /* Assets.xcassets */; };
		AD4F717A28877DBD005EC9CB /* LaunchScreen.storyboard in Resources */ = {isa = PBXBuildFile; fileRef = AD4F717828877DBD005EC9CB /* LaunchScreen.storyboard */; };
		AD53EF01288F393900DC2C0A /* celdaRickAndMortisTableViewCell.swift in Sources */ = {isa = PBXBuildFile; fileRef = AD53EEFF288F393900DC2C0A /* celdaRickAndMortisTableViewCell.swift */; };
		AD53EF02288F393A00DC2C0A /* celdaRickAndMortisTableViewCell.xib in Resources */ = {isa = PBXBuildFile; fileRef = AD53EF00288F393900DC2C0A /* celdaRickAndMortisTableViewCell.xib */; };
		AD8307CE2891CEC500F2CFE2 /* ResultstPersonajes.swift in Sources */ = {isa = PBXBuildFile; fileRef = AD8307CD2891CEC500F2CFE2 /* ResultstPersonajes.swift */; };
/* End PBXBuildFile section */

/* Begin PBXFileReference section */
		48066FE24B5CBB9BD6C34FBC /* Pods-rick&Montis.debug.xcconfig */ = {isa = PBXFileReference; includeInIndex = 1; lastKnownFileType = text.xcconfig; name = "Pods-rick&Montis.debug.xcconfig"; path = "Target Support Files/Pods-rick&Montis/Pods-rick&Montis.debug.xcconfig"; sourceTree = "<group>"; };
		AD4F716A28877DAD005EC9CB /* rick&Montis.app */ = {isa = PBXFileReference; explicitFileType = wrapper.application; includeInIndex = 0; path = "rick&Montis.app"; sourceTree = BUILT_PRODUCTS_DIR; };
		AD4F716D28877DAD005EC9CB /* AppDelegate.swift */ = {isa = PBXFileReference; lastKnownFileType = sourcecode.swift; path = AppDelegate.swift; sourceTree = "<group>"; };
		AD4F716F28877DAD005EC9CB /* SceneDelegate.swift */ = {isa = PBXFileReference; lastKnownFileType = sourcecode.swift; path = SceneDelegate.swift; sourceTree = "<group>"; };
		AD4F717128877DAD005EC9CB /* ViewController.swift */ = {isa = PBXFileReference; lastKnownFileType = sourcecode.swift; path = ViewController.swift; sourceTree = "<group>"; };
		AD4F717428877DAE005EC9CB /* Base */ = {isa = PBXFileReference; lastKnownFileType = file.storyboard; name = Base; path = Base.lproj/Main.storyboard; sourceTree = "<group>"; };
		AD4F717628877DBD005EC9CB /* Assets.xcassets */ = {isa = PBXFileReference; lastKnownFileType = folder.assetcatalog; path = Assets.xcassets; sourceTree = "<group>"; };
		AD4F717928877DBD005EC9CB /* Base */ = {isa = PBXFileReference; lastKnownFileType = file.storyboard; name = Base; path = Base.lproj/LaunchScreen.storyboard; sourceTree = "<group>"; };
		AD4F717B28877DBD005EC9CB /* Info.plist */ = {isa = PBXFileReference; lastKnownFileType = text.plist.xml; path = Info.plist; sourceTree = "<group>"; };
		AD53EEFF288F393900DC2C0A /* celdaRickAndMortisTableViewCell.swift */ = {isa = PBXFileReference; lastKnownFileType = sourcecode.swift; path = celdaRickAndMortisTableViewCell.swift; sourceTree = "<group>"; };
		AD53EF00288F393900DC2C0A /* celdaRickAndMortisTableViewCell.xib */ = {isa = PBXFileReference; lastKnownFileType = file.xib; path = celdaRickAndMortisTableViewCell.xib; sourceTree = "<group>"; };
		AD8307CD2891CEC500F2CFE2 /* ResultstPersonajes.swift */ = {isa = PBXFileReference; lastKnownFileType = sourcecode.swift; path = ResultstPersonajes.swift; sourceTree = "<group>"; };
		CE968730372E3393E0546CF5 /* Pods_rick_Montis.framework */ = {isa = PBXFileReference; explicitFileType = wrapper.framework; includeInIndex = 0; path = Pods_rick_Montis.framework; sourceTree = BUILT_PRODUCTS_DIR; };
		E55018D0E5CBD127A0B11AB9 /* Pods-rick&Montis.release.xcconfig */ = {isa = PBXFileReference; includeInIndex = 1; lastKnownFileType = text.xcconfig; name = "Pods-rick&Montis.release.xcconfig"; path = "Target Support Files/Pods-rick&Montis/Pods-rick&Montis.release.xcconfig"; sourceTree = "<group>"; };
/* End PBXFileReference section */

/* Begin PBXFrameworksBuildPhase section */
		AD4F716728877DAD005EC9CB /* Frameworks */ = {
			isa = PBXFrameworksBuildPhase;
			buildActionMask = 2147483647;
			files = (
				79A3A217ECE9578EE24B20F7 /* Pods_rick_Montis.framework in Frameworks */,
			);
			runOnlyForDeploymentPostprocessing = 0;
		};
/* End PBXFrameworksBuildPhase section */

/* Begin PBXGroup section */
		671D03DF15F2813253994C59 /* Pods */ = {
			isa = PBXGroup;
			children = (
				48066FE24B5CBB9BD6C34FBC /* Pods-rick&Montis.debug.xcconfig */,
				E55018D0E5CBD127A0B11AB9 /* Pods-rick&Montis.release.xcconfig */,
			);
			path = Pods;
			sourceTree = "<group>";
		};
		AD4F716128877DAD005EC9CB = {
			isa = PBXGroup;
			children = (
				AD4F716C28877DAD005EC9CB /* rick&Montis */,
				AD4F716B28877DAD005EC9CB /* Products */,
				671D03DF15F2813253994C59 /* Pods */,
				E4B55697589EAF0A182581F4 /* Frameworks */,
			);
			sourceTree = "<group>";
		};
		AD4F716B28877DAD005EC9CB /* Products */ = {
			isa = PBXGroup;
			children = (
				AD4F716A28877DAD005EC9CB /* rick&Montis.app */,
			);
			name = Products;
			sourceTree = "<group>";
		};
		AD4F716C28877DAD005EC9CB /* rick&Montis */ = {
			isa = PBXGroup;
			children = (
				ADC1D621289218E70042435D /* ViewModelRM */,
				ADC1D620289218B70042435D /* ViewRm */,
				ADC1D61F2892187A0042435D /* RouterRM */,
				AD8A711D289219C000B969A3 /* Config */,
			);
			path = "rick&Montis";
			sourceTree = "<group>";
		};
		AD8A711D289219C000B969A3 /* Config */ = {
			isa = PBXGroup;
			children = (
				AD4F716F28877DAD005EC9CB /* SceneDelegate.swift */,
				AD4F716D28877DAD005EC9CB /* AppDelegate.swift */,
				AD4F717828877DBD005EC9CB /* LaunchScreen.storyboard */,
				AD4F717B28877DBD005EC9CB /* Info.plist */,
			);
			path = Config;
			sourceTree = "<group>";
		};
		ADC1D61F2892187A0042435D /* RouterRM */ = {
			isa = PBXGroup;
			children = (
				AD4F717628877DBD005EC9CB /* Assets.xcassets */,
				AD8307CD2891CEC500F2CFE2 /* ResultstPersonajes.swift */,
			);
			path = RouterRM;
			sourceTree = "<group>";
		};
		ADC1D620289218B70042435D /* ViewRm */ = {
			isa = PBXGroup;
			children = (
				AD53EEFF288F393900DC2C0A /* celdaRickAndMortisTableViewCell.swift */,
				AD53EF00288F393900DC2C0A /* celdaRickAndMortisTableViewCell.xib */,
			);
			path = ViewRm;
			sourceTree = "<group>";
		};
		ADC1D621289218E70042435D /* ViewModelRM */ = {
			isa = PBXGroup;
			children = (
				AD4F717328877DAE005EC9CB /* Main.storyboard */,
				AD4F717128877DAD005EC9CB /* ViewController.swift */,
			);
			path = ViewModelRM;
			sourceTree = "<group>";
		};
		E4B55697589EAF0A182581F4 /* Frameworks */ = {
			isa = PBXGroup;
			children = (
				CE968730372E3393E0546CF5 /* Pods_rick_Montis.framework */,
			);
			name = Frameworks;
			sourceTree = "<group>";
		};
/* End PBXGroup section */

/* Begin PBXNativeTarget section */
		AD4F716928877DAD005EC9CB /* rick&Montis */ = {
			isa = PBXNativeTarget;
			buildConfigurationList = AD4F717E28877DBD005EC9CB /* Build configuration list for PBXNativeTarget "rick&Montis" */;
			buildPhases = (
				D3F31283471E7EF45AA7BC8E /* [CP] Check Pods Manifest.lock */,
				AD4F716628877DAD005EC9CB /* Sources */,
				AD4F716728877DAD005EC9CB /* Frameworks */,
				AD4F716828877DAD005EC9CB /* Resources */,
				A6184A86B49D94B16DC19DCF /* [CP] Embed Pods Frameworks */,
			);
			buildRules = (
			);
			dependencies = (
			);
			name = "rick&Montis";
			productName = "rick&Montis";
			productReference = AD4F716A28877DAD005EC9CB /* rick&Montis.app */;
			productType = "com.apple.product-type.application";
		};
/* End PBXNativeTarget section */

/* Begin PBXProject section */
		AD4F716228877DAD005EC9CB /* Project object */ = {
			isa = PBXProject;
			attributes = {
				LastSwiftUpdateCheck = 1240;
				LastUpgradeCheck = 1240;
				TargetAttributes = {
					AD4F716928877DAD005EC9CB = {
						CreatedOnToolsVersion = 12.4;
					};
				};
			};
			buildConfigurationList = AD4F716528877DAD005EC9CB /* Build configuration list for PBXProject "rick&Montis" */;
			compatibilityVersion = "Xcode 9.3";
			developmentRegion = en;
			hasScannedForEncodings = 0;
			knownRegions = (
				en,
				Base,
			);
			mainGroup = AD4F716128877DAD005EC9CB;
			productRefGroup = AD4F716B28877DAD005EC9CB /* Products */;
			projectDirPath = "";
			projectRoot = "";
			targets = (
				AD4F716928877DAD005EC9CB /* rick&Montis */,
			);
		};
/* End PBXProject section */

/* Begin PBXResourcesBuildPhase section */
		AD4F716828877DAD005EC9CB /* Resources */ = {
			isa = PBXResourcesBuildPhase;
			buildActionMask = 2147483647;
			files = (
				AD4F717A28877DBD005EC9CB /* LaunchScreen.storyboard in Resources */,
				AD4F717728877DBD005EC9CB /* Assets.xcassets in Resources */,
				AD53EF02288F393A00DC2C0A /* celdaRickAndMortisTableViewCell.xib in Resources */,
				AD4F717528877DAE005EC9CB /* Main.storyboard in Resources */,
			);
			runOnlyForDeploymentPostprocessing = 0;
		};
/* End PBXResourcesBuildPhase section */

/* Begin PBXShellScriptBuildPhase section */
		A6184A86B49D94B16DC19DCF /* [CP] Embed Pods Frameworks */ = {
			isa = PBXShellScriptBuildPhase;
			buildActionMask = 2147483647;
			files = (
			);
			inputFileListPaths = (
				"${PODS_ROOT}/Target Support Files/Pods-rick&Montis/Pods-rick&Montis-frameworks-${CONFIGURATION}-input-files.xcfilelist",
			);
			name = "[CP] Embed Pods Frameworks";
			outputFileListPaths = (
				"${PODS_ROOT}/Target Support Files/Pods-rick&Montis/Pods-rick&Montis-frameworks-${CONFIGURATION}-output-files.xcfilelist",
			);
			runOnlyForDeploymentPostprocessing = 0;
			shellPath = /bin/sh;
			shellScript = "\"${PODS_ROOT}/Target Support Files/Pods-rick&Montis/Pods-rick&Montis-frameworks.sh\"\n";
			showEnvVarsInLog = 0;
		};
		D3F31283471E7EF45AA7BC8E /* [CP] Check Pods Manifest.lock */ = {
			isa = PBXShellScriptBuildPhase;
			buildActionMask = 2147483647;
			files = (
			);
			inputFileListPaths = (
			);
			inputPaths = (
				"${PODS_PODFILE_DIR_PATH}/Podfile.lock",
				"${PODS_ROOT}/Manifest.lock",
			);
			name = "[CP] Check Pods Manifest.lock";
			outputFileListPaths = (
			);
			outputPaths = (
				"$(DERIVED_FILE_DIR)/Pods-rick&Montis-checkManifestLockResult.txt",
			);
			runOnlyForDeploymentPostprocessing = 0;
			shellPath = /bin/sh;
			shellScript = "diff \"${PODS_PODFILE_DIR_PATH}/Podfile.lock\" \"${PODS_ROOT}/Manifest.lock\" > /dev/null\nif [ $? != 0 ] ; then\n    # print error to STDERR\n    echo \"error: The sandbox is not in sync with the Podfile.lock. Run 'pod install' or update your CocoaPods installation.\" >&2\n    exit 1\nfi\n# This output is used by Xcode 'outputs' to avoid re-running this script phase.\necho \"SUCCESS\" > \"${SCRIPT_OUTPUT_FILE_0}\"\n";
			showEnvVarsInLog = 0;
		};
/* End PBXShellScriptBuildPhase section */

/* Begin PBXSourcesBuildPhase section */
		AD4F716628877DAD005EC9CB /* Sources */ = {
			isa = PBXSourcesBuildPhase;
			buildActionMask = 2147483647;
			files = (
				AD53EF01288F393900DC2C0A /* celdaRickAndMortisTableViewCell.swift in Sources */,
				AD4F717228877DAD005EC9CB /* ViewController.swift in Sources */,
				AD4F716E28877DAD005EC9CB /* AppDelegate.swift in Sources */,
				AD8307CE2891CEC500F2CFE2 /* ResultstPersonajes.swift in Sources */,
				AD4F717028877DAD005EC9CB /* SceneDelegate.swift in Sources */,
			);
			runOnlyForDeploymentPostprocessing = 0;
		};
/* End PBXSourcesBuildPhase section */

/* Begin PBXVariantGroup section */
		AD4F717328877DAE005EC9CB /* Main.storyboard */ = {
			isa = PBXVariantGroup;
			children = (
				AD4F717428877DAE005EC9CB /* Base */,
			);
			name = Main.storyboard;
			sourceTree = "<group>";
		};
		AD4F717828877DBD005EC9CB /* LaunchScreen.storyboard */ = {
			isa = PBXVariantGroup;
			children = (
				AD4F717928877DBD005EC9CB /* Base */,
			);
			name = LaunchScreen.storyboard;
			sourceTree = "<group>";
		};
/* End PBXVariantGroup section */

/* Begin XCBuildConfiguration section */
		AD4F717C28877DBD005EC9CB /* Debug */ = {
			isa = XCBuildConfiguration;
			buildSettings = {
				ALWAYS_SEARCH_USER_PATHS = NO;
				CLANG_ANALYZER_NONNULL = YES;
				CLANG_ANALYZER_NUMBER_OBJECT_CONVERSION = YES_AGGRESSIVE;
				CLANG_CXX_LANGUAGE_STANDARD = "gnu++14";
				CLANG_CXX_LIBRARY = "libc++";
				CLANG_ENABLE_MODULES = YES;
				CLANG_ENABLE_OBJC_ARC = YES;
				CLANG_ENABLE_OBJC_WEAK = YES;
				CLANG_WARN_BLOCK_CAPTURE_AUTORELEASING = YES;
				CLANG_WARN_BOOL_CONVERSION = YES;
				CLANG_WARN_COMMA = YES;
				CLANG_WARN_CONSTANT_CONVERSION = YES;
				CLANG_WARN_DEPRECATED_OBJC_IMPLEMENTATIONS = YES;
				CLANG_WARN_DIRECT_OBJC_ISA_USAGE = YES_ERROR;
				CLANG_WARN_DOCUMENTATION_COMMENTS = YES;
				CLANG_WARN_EMPTY_BODY = YES;
				CLANG_WARN_ENUM_CONVERSION = YES;
				CLANG_WARN_INFINITE_RECURSION = YES;
				CLANG_WARN_INT_CONVERSION = YES;
				CLANG_WARN_NON_LITERAL_NULL_CONVERSION = YES;
				CLANG_WARN_OBJC_IMPLICIT_RETAIN_SELF = YES;
				CLANG_WARN_OBJC_LITERAL_CONVERSION = YES;
				CLANG_WARN_OBJC_ROOT_CLASS = YES_ERROR;
				CLANG_WARN_QUOTED_INCLUDE_IN_FRAMEWORK_HEADER = YES;
				CLANG_WARN_RANGE_LOOP_ANALYSIS = YES;
				CLANG_WARN_STRICT_PROTOTYPES = YES;
				CLANG_WARN_SUSPICIOUS_MOVE = YES;
				CLANG_WARN_UNGUARDED_AVAILABILITY = YES_AGGRESSIVE;
				CLANG_WARN_UNREACHABLE_CODE = YES;
				CLANG_WARN__DUPLICATE_METHOD_MATCH = YES;
				COPY_PHASE_STRIP = NO;
				DEBUG_INFORMATION_FORMAT = dwarf;
				ENABLE_STRICT_OBJC_MSGSEND = YES;
				ENABLE_TESTABILITY = YES;
				GCC_C_LANGUAGE_STANDARD = gnu11;
				GCC_DYNAMIC_NO_PIC = NO;
				GCC_NO_COMMON_BLOCKS = YES;
				GCC_OPTIMIZATION_LEVEL = 0;
				GCC_PREPROCESSOR_DEFINITIONS = (
					"DEBUG=1",
					"$(inherited)",
				);
				GCC_WARN_64_TO_32_BIT_CONVERSION = YES;
				GCC_WARN_ABOUT_RETURN_TYPE = YES_ERROR;
				GCC_WARN_UNDECLARED_SELECTOR = YES;
				GCC_WARN_UNINITIALIZED_AUTOS = YES_AGGRESSIVE;
				GCC_WARN_UNUSED_FUNCTION = YES;
				GCC_WARN_UNUSED_VARIABLE = YES;
				IPHONEOS_DEPLOYMENT_TARGET = 14.4;
				MTL_ENABLE_DEBUG_INFO = INCLUDE_SOURCE;
				MTL_FAST_MATH = YES;
				ONLY_ACTIVE_ARCH = YES;
				SDKROOT = iphoneos;
				SWIFT_ACTIVE_COMPILATION_CONDITIONS = DEBUG;
				SWIFT_OPTIMIZATION_LEVEL = "-Onone";
			};
			name = Debug;
		};
		AD4F717D28877DBD005EC9CB /* Release */ = {
			isa = XCBuildConfiguration;
			buildSettings = {
				ALWAYS_SEARCH_USER_PATHS = NO;
				CLANG_ANALYZER_NONNULL = YES;
				CLANG_ANALYZER_NUMBER_OBJECT_CONVERSION = YES_AGGRESSIVE;
				CLANG_CXX_LANGUAGE_STANDARD = "gnu++14";
				CLANG_CXX_LIBRARY = "libc++";
				CLANG_ENABLE_MODULES = YES;
				CLANG_ENABLE_OBJC_ARC = YES;
				CLANG_ENABLE_OBJC_WEAK = YES;
				CLANG_WARN_BLOCK_CAPTURE_AUTORELEASING = YES;
				CLANG_WARN_BOOL_CONVERSION = YES;
				CLANG_WARN_COMMA = YES;
				CLANG_WARN_CONSTANT_CONVERSION = YES;
				CLANG_WARN_DEPRECATED_OBJC_IMPLEMENTATIONS = YES;
				CLANG_WARN_DIRECT_OBJC_ISA_USAGE = YES_ERROR;
				CLANG_WARN_DOCUMENTATION_COMMENTS = YES;
				CLANG_WARN_EMPTY_BODY = YES;
				CLANG_WARN_ENUM_CONVERSION = YES;
				CLANG_WARN_INFINITE_RECURSION = YES;
				CLANG_WARN_INT_CONVERSION = YES;
				CLANG_WARN_NON_LITERAL_NULL_CONVERSION = YES;
				CLANG_WARN_OBJC_IMPLICIT_RETAIN_SELF = YES;
				CLANG_WARN_OBJC_LITERAL_CONVERSION = YES;
				CLANG_WARN_OBJC_ROOT_CLASS = YES_ERROR;
				CLANG_WARN_QUOTED_INCLUDE_IN_FRAMEWORK_HEADER = YES;
				CLANG_WARN_RANGE_LOOP_ANALYSIS = YES;
				CLANG_WARN_STRICT_PROTOTYPES = YES;
				CLANG_WARN_SUSPICIOUS_MOVE = YES;
				CLANG_WARN_UNGUARDED_AVAILABILITY = YES_AGGRESSIVE;
				CLANG_WARN_UNREACHABLE_CODE = YES;
				CLANG_WARN__DUPLICATE_METHOD_MATCH = YES;
				COPY_PHASE_STRIP = NO;
				DEBUG_INFORMATION_FORMAT = "dwarf-with-dsym";
				ENABLE_NS_ASSERTIONS = NO;
				ENABLE_STRICT_OBJC_MSGSEND = YES;
				GCC_C_LANGUAGE_STANDARD = gnu11;
				GCC_NO_COMMON_BLOCKS = YES;
				GCC_WARN_64_TO_32_BIT_CONVERSION = YES;
				GCC_WARN_ABOUT_RETURN_TYPE = YES_ERROR;
				GCC_WARN_UNDECLARED_SELECTOR = YES;
				GCC_WARN_UNINITIALIZED_AUTOS = YES_AGGRESSIVE;
				GCC_WARN_UNUSED_FUNCTION = YES;
				GCC_WARN_UNUSED_VARIABLE = YES;
				IPHONEOS_DEPLOYMENT_TARGET = 14.4;
				MTL_ENABLE_DEBUG_INFO = NO;
				MTL_FAST_MATH = YES;
				SDKROOT = iphoneos;
				SWIFT_COMPILATION_MODE = wholemodule;
				SWIFT_OPTIMIZATION_LEVEL = "-O";
				VALIDATE_PRODUCT = YES;
			};
			name = Release;
		};
		AD4F717F28877DBD005EC9CB /* Debug */ = {
			isa = XCBuildConfiguration;
			baseConfigurationReference = 48066FE24B5CBB9BD6C34FBC /* Pods-rick&Montis.debug.xcconfig */;
			buildSettings = {
				ASSETCATALOG_COMPILER_APPICON_NAME = AppIcon;
				ASSETCATALOG_COMPILER_GLOBAL_ACCENT_COLOR_NAME = AccentColor;
				CODE_SIGN_STYLE = Automatic;
				INFOPLIST_FILE = "rick&Montis/Info.plist";
				IPHONEOS_DEPLOYMENT_TARGET = 13.0;
				LD_RUNPATH_SEARCH_PATHS = (
					"$(inherited)",
					"@executable_path/Frameworks",
				);
				PRODUCT_BUNDLE_IDENTIFIER = "student.rick-Montis";
				PRODUCT_NAME = "$(TARGET_NAME)";
				SWIFT_VERSION = 5.0;
				TARGETED_DEVICE_FAMILY = 1;
			};
			name = Debug;
		};
		AD4F718028877DBD005EC9CB /* Release */ = {
			isa = XCBuildConfiguration;
			baseConfigurationReference = E55018D0E5CBD127A0B11AB9 /* Pods-rick&Montis.release.xcconfig */;
			buildSettings = {
				ASSETCATALOG_COMPILER_APPICON_NAME = AppIcon;
				ASSETCATALOG_COMPILER_GLOBAL_ACCENT_COLOR_NAME = AccentColor;
				CODE_SIGN_STYLE = Automatic;
				INFOPLIST_FILE = "rick&Montis/Info.plist";
				IPHONEOS_DEPLOYMENT_TARGET = 13.0;
				LD_RUNPATH_SEARCH_PATHS = (
					"$(inherited)",
					"@executable_path/Frameworks",
				);
				PRODUCT_BUNDLE_IDENTIFIER = "student.rick-Montis";
				PRODUCT_NAME = "$(TARGET_NAME)";
				SWIFT_VERSION = 5.0;
				TARGETED_DEVICE_FAMILY = 1;
			};
			name = Release;
		};
/* End XCBuildConfiguration section */

/* Begin XCConfigurationList section */
		AD4F716528877DAD005EC9CB /* Build configuration list for PBXProject "rick&Montis" */ = {
			isa = XCConfigurationList;
			buildConfigurations = (
				AD4F717C28877DBD005EC9CB /* Debug */,
				AD4F717D28877DBD005EC9CB /* Release */,
			);
			defaultConfigurationIsVisible = 0;
			defaultConfigurationName = Release;
		};
		AD4F717E28877DBD005EC9CB /* Build configuration list for PBXNativeTarget "rick&Montis" */ = {
			isa = XCConfigurationList;
			buildConfigurations = (
				AD4F717F28877DBD005EC9CB /* Debug */,
				AD4F718028877DBD005EC9CB /* Release */,
			);
			defaultConfigurationIsVisible = 0;
			defaultConfigurationName = Release;
		};
/* End XCConfigurationList section */
	};
	rootObject = AD4F716228877DAD005EC9CB /* Project object */;
}
